// !$*UTF8*$!
{
	archiveVersion = 1;
	classes = {
	};
	objectVersion = 46;
	objects = {

/* Begin PBXBuildFile section */
		B9A359DC1B51B6E9002B669B /* AppDelegate.swift in Sources */ = {isa = PBXBuildFile; fileRef = B9A359DB1B51B6E9002B669B /* AppDelegate.swift */; };
		B9A359DE1B51B6E9002B669B /* ViewController.swift in Sources */ = {isa = PBXBuildFile; fileRef = B9A359DD1B51B6E9002B669B /* ViewController.swift */; };
		B9A359E11B51B6E9002B669B /* Main.storyboard in Resources */ = {isa = PBXBuildFile; fileRef = B9A359DF1B51B6E9002B669B /* Main.storyboard */; };
		B9A359E31B51B6E9002B669B /* Images.xcassets in Resources */ = {isa = PBXBuildFile; fileRef = B9A359E21B51B6E9002B669B /* Images.xcassets */; };
		B9A359E61B51B6E9002B669B /* LaunchScreen.xib in Resources */ = {isa = PBXBuildFile; fileRef = B9A359E41B51B6E9002B669B /* LaunchScreen.xib */; };
		B9A359F21B51B6E9002B669B /* leapTests.swift in Sources */ = {isa = PBXBuildFile; fileRef = B9A359F11B51B6E9002B669B /* leapTests.swift */; };
		B9A359FC1B51B72A002B669B /* Leap.swift in Sources */ = {isa = PBXBuildFile; fileRef = B9A359FB1B51B72A002B669B /* Leap.swift */; };
		B9A359FD1B51B738002B669B /* Leap.swift in Sources */ = {isa = PBXBuildFile; fileRef = B9A359FB1B51B72A002B669B /* Leap.swift */; };
/* End PBXBuildFile section */

/* Begin PBXContainerItemProxy section */
		B9A359EC1B51B6E9002B669B /* PBXContainerItemProxy */ = {
			isa = PBXContainerItemProxy;
			containerPortal = B9A359CE1B51B6E8002B669B /* Project object */;
			proxyType = 1;
			remoteGlobalIDString = B9A359D51B51B6E9002B669B;
			remoteInfo = leap;
		};
/* End PBXContainerItemProxy section */

/* Begin PBXFileReference section */
		B9A359D61B51B6E9002B669B /* leap.app */ = {isa = PBXFileReference; explicitFileType = wrapper.application; includeInIndex = 0; path = leap.app; sourceTree = BUILT_PRODUCTS_DIR; };
		B9A359DA1B51B6E9002B669B /* Info.plist */ = {isa = PBXFileReference; lastKnownFileType = text.plist.xml; path = Info.plist; sourceTree = "<group>"; };
		B9A359DB1B51B6E9002B669B /* AppDelegate.swift */ = {isa = PBXFileReference; lastKnownFileType = sourcecode.swift; path = AppDelegate.swift; sourceTree = "<group>"; };
		B9A359DD1B51B6E9002B669B /* ViewController.swift */ = {isa = PBXFileReference; lastKnownFileType = sourcecode.swift; path = ViewController.swift; sourceTree = "<group>"; };
		B9A359E01B51B6E9002B669B /* Base */ = {isa = PBXFileReference; lastKnownFileType = file.storyboard; name = Base; path = Base.lproj/Main.storyboard; sourceTree = "<group>"; };
		B9A359E21B51B6E9002B669B /* Images.xcassets */ = {isa = PBXFileReference; lastKnownFileType = folder.assetcatalog; path = Images.xcassets; sourceTree = "<group>"; };
		B9A359E51B51B6E9002B669B /* Base */ = {isa = PBXFileReference; lastKnownFileType = file.xib; name = Base; path = Base.lproj/LaunchScreen.xib; sourceTree = "<group>"; };
		B9A359EB1B51B6E9002B669B /* leapTests.xctest */ = {isa = PBXFileReference; explicitFileType = wrapper.cfbundle; includeInIndex = 0; path = leapTests.xctest; sourceTree = BUILT_PRODUCTS_DIR; };
		B9A359F01B51B6E9002B669B /* Info.plist */ = {isa = PBXFileReference; lastKnownFileType = text.plist.xml; path = Info.plist; sourceTree = "<group>"; };
		B9A359F11B51B6E9002B669B /* leapTests.swift */ = {isa = PBXFileReference; lastKnownFileType = sourcecode.swift; path = leapTests.swift; sourceTree = "<group>"; };
		B9A359FB1B51B72A002B669B /* Leap.swift */ = {isa = PBXFileReference; fileEncoding = 4; lastKnownFileType = sourcecode.swift; path = Leap.swift; sourceTree = "<group>"; };
/* End PBXFileReference section */

/* Begin PBXFrameworksBuildPhase section */
		B9A359D31B51B6E9002B669B /* Frameworks */ = {
			isa = PBXFrameworksBuildPhase;
			buildActionMask = 2147483647;
			files = (
			);
			runOnlyForDeploymentPostprocessing = 0;
		};
		B9A359E81B51B6E9002B669B /* Frameworks */ = {
			isa = PBXFrameworksBuildPhase;
			buildActionMask = 2147483647;
			files = (
			);
			runOnlyForDeploymentPostprocessing = 0;
		};
/* End PBXFrameworksBuildPhase section */

/* Begin PBXGroup section */
		B9A359CD1B51B6E8002B669B = {
			isa = PBXGroup;
			children = (
				B9A359D81B51B6E9002B669B /* leap */,
				B9A359EE1B51B6E9002B669B /* leapTests */,
				B9A359D71B51B6E9002B669B /* Products */,
			);
			sourceTree = "<group>";
		};
		B9A359D71B51B6E9002B669B /* Products */ = {
			isa = PBXGroup;
			children = (
				B9A359D61B51B6E9002B669B /* leap.app */,
				B9A359EB1B51B6E9002B669B /* leapTests.xctest */,
			);
			name = Products;
			sourceTree = "<group>";
		};
		B9A359D81B51B6E9002B669B /* leap */ = {
			isa = PBXGroup;
			children = (
				B9A359DB1B51B6E9002B669B /* AppDelegate.swift */,
				B9A359DD1B51B6E9002B669B /* ViewController.swift */,
				B9A359DF1B51B6E9002B669B /* Main.storyboard */,
				B9A359E21B51B6E9002B669B /* Images.xcassets */,
				B9A359E41B51B6E9002B669B /* LaunchScreen.xib */,
				B9A359D91B51B6E9002B669B /* Supporting Files */,
				B9A359FB1B51B72A002B669B /* Leap.swift */,
			);
			path = leap;
			sourceTree = "<group>";
		};
		B9A359D91B51B6E9002B669B /* Supporting Files */ = {
			isa = PBXGroup;
			children = (
				B9A359DA1B51B6E9002B669B /* Info.plist */,
			);
			name = "Supporting Files";
			sourceTree = "<group>";
		};
		B9A359EE1B51B6E9002B669B /* leapTests */ = {
			isa = PBXGroup;
			children = (
				B9A359F11B51B6E9002B669B /* leapTests.swift */,
				B9A359EF1B51B6E9002B669B /* Supporting Files */,
			);
			path = leapTests;
			sourceTree = "<group>";
		};
		B9A359EF1B51B6E9002B669B /* Supporting Files */ = {
			isa = PBXGroup;
			children = (
				B9A359F01B51B6E9002B669B /* Info.plist */,
			);
			name = "Supporting Files";
			sourceTree = "<group>";
		};
/* End PBXGroup section */

/* Begin PBXNativeTarget section */
		B9A359D51B51B6E9002B669B /* leap */ = {
			isa = PBXNativeTarget;
			buildConfigurationList = B9A359F51B51B6E9002B669B /* Build configuration list for PBXNativeTarget "leap" */;
			buildPhases = (
				B9A359D21B51B6E9002B669B /* Sources */,
				B9A359D31B51B6E9002B669B /* Frameworks */,
				B9A359D41B51B6E9002B669B /* Resources */,
			);
			buildRules = (
			);
			dependencies = (
			);
			name = leap;
			productName = leap;
			productReference = B9A359D61B51B6E9002B669B /* leap.app */;
			productType = "com.apple.product-type.application";
		};
		B9A359EA1B51B6E9002B669B /* leapTests */ = {
			isa = PBXNativeTarget;
			buildConfigurationList = B9A359F81B51B6E9002B669B /* Build configuration list for PBXNativeTarget "leapTests" */;
			buildPhases = (
				B9A359E71B51B6E9002B669B /* Sources */,
				B9A359E81B51B6E9002B669B /* Frameworks */,
				B9A359E91B51B6E9002B669B /* Resources */,
			);
			buildRules = (
			);
			dependencies = (
				B9A359ED1B51B6E9002B669B /* PBXTargetDependency */,
			);
			name = leapTests;
			productName = leapTests;
			productReference = B9A359EB1B51B6E9002B669B /* leapTests.xctest */;
			productType = "com.apple.product-type.bundle.unit-test";
		};
/* End PBXNativeTarget section */

/* Begin PBXProject section */
		B9A359CE1B51B6E8002B669B /* Project object */ = {
			isa = PBXProject;
			attributes = {
				LastUpgradeCheck = 0640;
				ORGANIZATIONNAME = "Greg Walker";
				TargetAttributes = {
					B9A359D51B51B6E9002B669B = {
						CreatedOnToolsVersion = 6.4;
					};
					B9A359EA1B51B6E9002B669B = {
						CreatedOnToolsVersion = 6.4;
						TestTargetID = B9A359D51B51B6E9002B669B;
					};
				};
			};
			buildConfigurationList = B9A359D11B51B6E8002B669B /* Build configuration list for PBXProject "leap" */;
			compatibilityVersion = "Xcode 3.2";
			developmentRegion = English;
			hasScannedForEncodings = 0;
			knownRegions = (
				en,
				Base,
			);
			mainGroup = B9A359CD1B51B6E8002B669B;
			productRefGroup = B9A359D71B51B6E9002B669B /* Products */;
			projectDirPath = "";
			projectRoot = "";
			targets = (
				B9A359D51B51B6E9002B669B /* leap */,
				B9A359EA1B51B6E9002B669B /* leapTests */,
			);
		};
/* End PBXProject section */

/* Begin PBXResourcesBuildPhase section */
		B9A359D41B51B6E9002B669B /* Resources */ = {
			isa = PBXResourcesBuildPhase;
			buildActionMask = 2147483647;
			files = (
				B9A359E11B51B6E9002B669B /* Main.storyboard in Resources */,
				B9A359E61B51B6E9002B669B /* LaunchScreen.xib in Resources */,
				B9A359E31B51B6E9002B669B /* Images.xcassets in Resources */,
			);
			runOnlyForDeploymentPostprocessing = 0;
		};
		B9A359E91B51B6E9002B669B /* Resources */ = {
			isa = PBXResourcesBuildPhase;
			buildActionMask = 2147483647;
			files = (
			);
			runOnlyForDeploymentPostprocessing = 0;
		};
/* End PBXResourcesBuildPhase section */

/* Begin PBXSourcesBuildPhase section */
		B9A359D21B51B6E9002B669B /* Sources */ = {
			isa = PBXSourcesBuildPhase;
			buildActionMask = 2147483647;
			files = (
				B9A359FC1B51B72A002B669B /* Leap.swift in Sources */,
				B9A359DE1B51B6E9002B669B /* ViewController.swift in Sources */,
				B9A359DC1B51B6E9002B669B /* AppDelegate.swift in Sources */,
			);
			runOnlyForDeploymentPostprocessing = 0;
		};
		B9A359E71B51B6E9002B669B /* Sources */ = {
			isa = PBXSourcesBuildPhase;
			buildActionMask = 2147483647;
			files = (
				B9A359F21B51B6E9002B669B /* leapTests.swift in Sources */,
				B9A359FD1B51B738002B669B /* Leap.swift in Sources */,
			);
			runOnlyForDeploymentPostprocessing = 0;
		};
/* End PBXSourcesBuildPhase section */

/* Begin PBXTargetDependency section */
		B9A359ED1B51B6E9002B669B /* PBXTargetDependency */ = {
			isa = PBXTargetDependency;
			target = B9A359D51B51B6E9002B669B /* leap */;
			targetProxy = B9A359EC1B51B6E9002B669B /* PBXContainerItemProxy */;
		};
/* End PBXTargetDependency section */

/* Begin PBXVariantGroup section */
		B9A359DF1B51B6E9002B669B /* Main.storyboard */ = {
			isa = PBXVariantGroup;
			children = (
				B9A359E01B51B6E9002B669B /* Base */,
			);
			name = Main.storyboard;
			sourceTree = "<group>";
		};
		B9A359E41B51B6E9002B669B /* LaunchScreen.xib */ = {
			isa = PBXVariantGroup;
			children = (
				B9A359E51B51B6E9002B669B /* Base */,
			);
			name = LaunchScreen.xib;
			sourceTree = "<group>";
		};
/* End PBXVariantGroup section */

/* Begin XCBuildConfiguration section */
		B9A359F31B51B6E9002B669B /* Debug */ = {
			isa = XCBuildConfiguration;
			buildSettings = {
				ALWAYS_SEARCH_USER_PATHS = NO;
				CLANG_CXX_LANGUAGE_STANDARD = "gnu++0x";
				CLANG_CXX_LIBRARY = "libc++";
				CLANG_ENABLE_MODULES = YES;
				CLANG_ENABLE_OBJC_ARC = YES;
				CLANG_WARN_BOOL_CONVERSION = YES;
				CLANG_WARN_CONSTANT_CONVERSION = YES;
				CLANG_WARN_DIRECT_OBJC_ISA_USAGE = YES_ERROR;
				CLANG_WARN_EMPTY_BODY = YES;
				CLANG_WARN_ENUM_CONVERSION = YES;
				CLANG_WARN_INT_CONVERSION = YES;
				CLANG_WARN_OBJC_ROOT_CLASS = YES_ERROR;
				CLANG_WARN_UNREACHABLE_CODE = YES;
				CLANG_WARN__DUPLICATE_METHOD_MATCH = YES;
				"CODE_SIGN_IDENTITY[sdk=iphoneos*]" = "iPhone Developer";
				COPY_PHASE_STRIP = NO;
				DEBUG_INFORMATION_FORMAT = "dwarf-with-dsym";
				ENABLE_STRICT_OBJC_MSGSEND = YES;
				GCC_C_LANGUAGE_STANDARD = gnu99;
				GCC_DYNAMIC_NO_PIC = NO;
				GCC_NO_COMMON_BLOCKS = YES;
				GCC_OPTIMIZATION_LEVEL = 0;
				GCC_PREPROCESSOR_DEFINITIONS = (
					"DEBUG=1",
					"$(inherited)",
				);
				GCC_SYMBOLS_PRIVATE_EXTERN = NO;
				GCC_WARN_64_TO_32_BIT_CONVERSION = YES;
				GCC_WARN_ABOUT_RETURN_TYPE = YES_ERROR;
				GCC_WARN_UNDECLARED_SELECTOR = YES;
				GCC_WARN_UNINITIALIZED_AUTOS = YES_AGGRESSIVE;
				GCC_WARN_UNUSED_FUNCTION = YES;
				GCC_WARN_UNUSED_VARIABLE = YES;
				IPHONEOS_DEPLOYMENT_TARGET = 8.4;
				MTL_ENABLE_DEBUG_INFO = YES;
				ONLY_ACTIVE_ARCH = YES;
				SDKROOT = iphoneos;
				SWIFT_OPTIMIZATION_LEVEL = "-Onone";
				TARGETED_DEVICE_FAMILY = "1,2";
			};
			name = Debug;
		};
		B9A359F41B51B6E9002B669B /* Release */ = {
			isa = XCBuildConfiguration;
			buildSettings = {
				ALWAYS_SEARCH_USER_PATHS = NO;
				CLANG_CXX_LANGUAGE_STANDARD = "gnu++0x";
				CLANG_CXX_LIBRARY = "libc++";
				CLANG_ENABLE_MODULES = YES;
				CLANG_ENABLE_OBJC_ARC = YES;
				CLANG_WARN_BOOL_CONVERSION = YES;
				CLANG_WARN_CONSTANT_CONVERSION = YES;
				CLANG_WARN_DIRECT_OBJC_ISA_USAGE = YES_ERROR;
				CLANG_WARN_EMPTY_BODY = YES;
				CLANG_WARN_ENUM_CONVERSION = YES;
				CLANG_WARN_INT_CONVERSION = YES;
				CLANG_WARN_OBJC_ROOT_CLASS = YES_ERROR;
				CLANG_WARN_UNREACHABLE_CODE = YES;
				CLANG_WARN__DUPLICATE_METHOD_MATCH = YES;
				"CODE_SIGN_IDENTITY[sdk=iphoneos*]" = "iPhone Developer";
				COPY_PHASE_STRIP = NO;
				DEBUG_INFORMATION_FORMAT = "dwarf-with-dsym";
				ENABLE_NS_ASSERTIONS = NO;
				ENABLE_STRICT_OBJC_MSGSEND = YES;
				GCC_C_LANGUAGE_STANDARD = gnu99;
				GCC_NO_COMMON_BLOCKS = YES;
				GCC_WARN_64_TO_32_BIT_CONVERSION = YES;
				GCC_WARN_ABOUT_RETURN_TYPE = YES_ERROR;
				GCC_WARN_UNDECLARED_SELECTOR = YES;
				GCC_WARN_UNINITIALIZED_AUTOS = YES_AGGRESSIVE;
				GCC_WARN_UNUSED_FUNCTION = YES;
				GCC_WARN_UNUSED_VARIABLE = YES;
				IPHONEOS_DEPLOYMENT_TARGET = 8.4;
				MTL_ENABLE_DEBUG_INFO = NO;
				SDKROOT = iphoneos;
				TARGETED_DEVICE_FAMILY = "1,2";
				VALIDATE_PRODUCT = YES;
			};
			name = Release;
		};
		B9A359F61B51B6E9002B669B /* Debug */ = {
			isa = XCBuildConfiguration;
			buildSettings = {
				ASSETCATALOG_COMPILER_APPICON_NAME = AppIcon;
				INFOPLIST_FILE = leap/Info.plist;
				LD_RUNPATH_SEARCH_PATHS = "$(inherited) @executable_path/Frameworks";
				PRODUCT_NAME = "$(TARGET_NAME)";
			};
			name = Debug;
		};
		B9A359F71B51B6E9002B669B /* Release */ = {
			isa = XCBuildConfiguration;
			buildSettings = {
				ASSETCATALOG_COMPILER_APPICON_NAME = AppIcon;
				INFOPLIST_FILE = leap/Info.plist;
				LD_RUNPATH_SEARCH_PATHS = "$(inherited) @executable_path/Frameworks";
				PRODUCT_NAME = "$(TARGET_NAME)";
			};
			name = Release;
		};
		B9A359F91B51B6E9002B669B /* Debug */ = {
			isa = XCBuildConfiguration;
			buildSettings = {
				BUNDLE_LOADER = "$(TEST_HOST)";
				FRAMEWORK_SEARCH_PATHS = (
					"$(SDKROOT)/Developer/Library/Frameworks",
					"$(inherited)",
				);
				GCC_PREPROCESSOR_DEFINITIONS = (
					"DEBUG=1",
					"$(inherited)",
				);
				INFOPLIST_FILE = leapTests/Info.plist;
				LD_RUNPATH_SEARCH_PATHS = "$(inherited) @executable_path/Frameworks @loader_path/Frameworks";
				PRODUCT_NAME = "$(TARGET_NAME)";
				TEST_HOST = "$(BUILT_PRODUCTS_DIR)/leap.app/leap";
			};
			name = Debug;
		};
		B9A359FA1B51B6E9002B669B /* Release */ = {
			isa = XCBuildConfiguration;
			buildSettings = {
				BUNDLE_LOADER = "$(TEST_HOST)";
				FRAMEWORK_SEARCH_PATHS = (
					"$(SDKROOT)/Developer/Library/Frameworks",
					"$(inherited)",
				);
				INFOPLIST_FILE = leapTests/Info.plist;
				LD_RUNPATH_SEARCH_PATHS = "$(inherited) @executable_path/Frameworks @loader_path/Frameworks";
				PRODUCT_NAME = "$(TARGET_NAME)";
				TEST_HOST = "$(BUILT_PRODUCTS_DIR)/leap.app/leap";
			};
			name = Release;
		};
/* End XCBuildConfiguration section */

/* Begin XCConfigurationList section */
		B9A359D11B51B6E8002B669B /* Build configuration list for PBXProject "leap" */ = {
			isa = XCConfigurationList;
			buildConfigurations = (
				B9A359F31B51B6E9002B669B /* Debug */,
				B9A359F41B51B6E9002B669B /* Release */,
			);
			defaultConfigurationIsVisible = 0;
			defaultConfigurationName = Release;
		};
		B9A359F51B51B6E9002B669B /* Build configuration list for PBXNativeTarget "leap" */ = {
			isa = XCConfigurationList;
			buildConfigurations = (
				B9A359F61B51B6E9002B669B /* Debug */,
				B9A359F71B51B6E9002B669B /* Release */,
			);
			defaultConfigurationIsVisible = 0;
		};
		B9A359F81B51B6E9002B669B /* Build configuration list for PBXNativeTarget "leapTests" */ = {
			isa = XCConfigurationList;
			buildConfigurations = (
				B9A359F91B51B6E9002B669B /* Debug */,
				B9A359FA1B51B6E9002B669B /* Release */,
			);
			defaultConfigurationIsVisible = 0;
		};
/* End XCConfigurationList section */
	};
	rootObject = B9A359CE1B51B6E8002B669B /* Project object */;
}
